{
  "name": "litehouse",
  "version": "0.0.1",
  "lockfileVersion": 2,
  "requires": true,
  "packages": {
    "": {
      "name": "litehouse",
      "version": "0.0.1",
      "license": "ISC",
      "dependencies": {
        "@msgpack/msgpack": "^2.7.2"
      },
      "devDependencies": {
        "typescript": "^4.7.4"
      }
    },
    "node_modules/@msgpack/msgpack": {
      "version": "2.7.2",
      "resolved": "https://registry.npmjs.org/@msgpack/msgpack/-/msgpack-2.7.2.tgz",
      "integrity": "sha512-rYEi46+gIzufyYUAoHDnRzkWGxajpD9vVXFQ3g1vbjrBm6P7MBmm+s/fqPa46sxa+8FOUdEuRQKaugo5a4JWpw==",
      "engines": {
        "node": ">= 10"
      }
    },
    "node_modules/typescript": {
      "version": "4.7.4",
      "resolved": "https://registry.npmjs.org/typescript/-/typescript-4.7.4.tgz",
      "integrity": "sha512-C0WQT0gezHuw6AdY1M2jxUO83Rjf0HP7Sk1DtXj6j1EwkQNZrHAg2XPWlq62oqEhYvONq5pkC2Y9oPljWToLmQ==",
      "dev": true,
      "bin": {
        "tsc": "bin/tsc",
        "tsserver": "bin/tsserver"
      },
      "engines": {
        "node": ">=4.2.0"
      }
    }
  },
  "dependencies": {
    "@msgpack/msgpack": {
      "version": "2.7.2",
      "resolved": "https://registry.npmjs.org/@msgpack/msgpack/-/msgpack-2.7.2.tgz",
      "integrity": "sha512-rYEi46+gIzufyYUAoHDnRzkWGxajpD9vVXFQ3g1vbjrBm6P7MBmm+s/fqPa46sxa+8FOUdEuRQKaugo5a4JWpw=="
    },
    "typescript": {
      "version": "4.7.4",
      "resolved": "https://registry.npmjs.org/typescript/-/typescript-4.7.4.tgz",
      "integrity": "sha512-C0WQT0gezHuw6AdY1M2jxUO83Rjf0HP7Sk1DtXj6j1EwkQNZrHAg2XPWlq62oqEhYvONq5pkC2Y9oPljWToLmQ==",
      "dev": true
    }
  }
}
